
Microsoft Visual Studio Solution File, Format Version 12.00
# Visual Studio 14
VisualStudioVersion = 14.0.25420.1
MinimumVisualStudioVersion = 10.0.40219.1
Project("{8BC9CEB8-8B4A-11D0-8D11-00A0C91BC942}") = "CPU", "CPU\CPU.vcxproj", "{43635430-0ECB-4AFA-9C12-7A3D48AE50BD}"
EndProject
Project("{8BC9CEB8-8B4A-11D0-8D11-00A0C91BC942}") = "Cartridge", "Cartridge\Cartridge.vcxproj", "{41374F23-21C9-4F18-AFA9-C342F6062C72}"
EndProject
Project("{8BC9CEB8-8B4A-11D0-8D11-00A0C91BC942}") = "EmulatorWindow", "EmulatorWindow\EmulatorWindow.vcxproj", "{52FE2DD3-A634-41DA-9931-69EEACB36C48}"
	ProjectSection(ProjectDependencies) = postProject
		{41374F23-21C9-4F18-AFA9-C342F6062C72} = {41374F23-21C9-4F18-AFA9-C342F6062C72}
		{43635430-0ECB-4AFA-9C12-7A3D48AE50BD} = {43635430-0ECB-4AFA-9C12-7A3D48AE50BD}
		{D6A3D7AC-917F-4605-8EDD-E6CFE145373B} = {D6A3D7AC-917F-4605-8EDD-E6CFE145373B}
	EndProjectSection
EndProject
Project("{8BC9CEB8-8B4A-11D0-8D11-00A0C91BC942}") = "Snes", "Snes\Snes.vcxproj", "{D6A3D7AC-917F-4605-8EDD-E6CFE145373B}"
EndProject
Project("{8BC9CEB8-8B4A-11D0-8D11-00A0C91BC942}") = "Common", "Common\Common.vcxproj", "{103F7F7A-CF68-41C6-9080-7872112545B8}"
EndProject
Global
	GlobalSection(SolutionConfigurationPlatforms) = preSolution
		Debug|x64 = Debug|x64
		Debug|x86 = Debug|x86
		Release|x64 = Release|x64
		Release|x86 = Release|x86
	EndGlobalSection
	GlobalSection(ProjectConfigurationPlatforms) = postSolution
		{43635430-0ECB-4AFA-9C12-7A3D48AE50BD}.Debug|x64.ActiveCfg = Debug|x64
		{43635430-0ECB-4AFA-9C12-7A3D48AE50BD}.Debug|x64.Build.0 = Debug|x64
		{43635430-0ECB-4AFA-9C12-7A3D48AE50BD}.Debug|x86.ActiveCfg = Debug|Win32
		{43635430-0ECB-4AFA-9C12-7A3D48AE50BD}.Debug|x86.Build.0 = Debug|Win32
		{43635430-0ECB-4AFA-9C12-7A3D48AE50BD}.Release|x64.ActiveCfg = Release|x64
		{43635430-0ECB-4AFA-9C12-7A3D48AE50BD}.Release|x64.Build.0 = Release|x64
		{43635430-0ECB-4AFA-9C12-7A3D48AE50BD}.Release|x86.ActiveCfg = Release|Win32
		{43635430-0ECB-4AFA-9C12-7A3D48AE50BD}.Release|x86.Build.0 = Release|Win32
		{41374F23-21C9-4F18-AFA9-C342F6062C72}.Debug|x64.ActiveCfg = Debug|x64
		{41374F23-21C9-4F18-AFA9-C342F6062C72}.Debug|x64.Build.0 = Debug|x64
		{41374F23-21C9-4F18-AFA9-C342F6062C72}.Debug|x86.ActiveCfg = Debug|Win32
		{41374F23-21C9-4F18-AFA9-C342F6062C72}.Debug|x86.Build.0 = Debug|Win32
		{41374F23-21C9-4F18-AFA9-C342F6062C72}.Release|x64.ActiveCfg = Release|x64
		{41374F23-21C9-4F18-AFA9-C342F6062C72}.Release|x64.Build.0 = Release|x64
		{41374F23-21C9-4F18-AFA9-C342F6062C72}.Release|x86.ActiveCfg = Release|Win32
		{41374F23-21C9-4F18-AFA9-C342F6062C72}.Release|x86.Build.0 = Release|Win32
		{52FE2DD3-A634-41DA-9931-69EEACB36C48}.Debug|x64.ActiveCfg = Debug|x64
		{52FE2DD3-A634-41DA-9931-69EEACB36C48}.Debug|x64.Build.0 = Debug|x64
		{52FE2DD3-A634-41DA-9931-69EEACB36C48}.Debug|x86.ActiveCfg = Debug|Win32
		{52FE2DD3-A634-41DA-9931-69EEACB36C48}.Debug|x86.Build.0 = Debug|Win32
		{52FE2DD3-A634-41DA-9931-69EEACB36C48}.Release|x64.ActiveCfg = Release|x64
		{52FE2DD3-A634-41DA-9931-69EEACB36C48}.Release|x64.Build.0 = Release|x64
		{52FE2DD3-A634-41DA-9931-69EEACB36C48}.Release|x86.ActiveCfg = Release|Win32
		{52FE2DD3-A634-41DA-9931-69EEACB36C48}.Release|x86.Build.0 = Release|Win32
		{D6A3D7AC-917F-4605-8EDD-E6CFE145373B}.Debug|x64.ActiveCfg = Debug|x64
		{D6A3D7AC-917F-4605-8EDD-E6CFE145373B}.Debug|x64.Build.0 = Debug|x64
		{D6A3D7AC-917F-4605-8EDD-E6CFE145373B}.Debug|x86.ActiveCfg = Debug|Win32
		{D6A3D7AC-917F-4605-8EDD-E6CFE145373B}.Debug|x86.Build.0 = Debug|Win32
		{D6A3D7AC-917F-4605-8EDD-E6CFE145373B}.Release|x64.ActiveCfg = Release|x64
		{D6A3D7AC-917F-4605-8EDD-E6CFE145373B}.Release|x64.Build.0 = Release|x64
		{D6A3D7AC-917F-4605-8EDD-E6CFE145373B}.Release|x86.ActiveCfg = Release|Win32
		{D6A3D7AC-917F-4605-8EDD-E6CFE145373B}.Release|x86.Build.0 = Release|Win32
		{103F7F7A-CF68-41C6-9080-7872112545B8}.Debug|x64.ActiveCfg = Debug|x64
		{103F7F7A-CF68-41C6-9080-7872112545B8}.Debug|x64.Build.0 = Debug|x64
		{103F7F7A-CF68-41C6-9080-7872112545B8}.Debug|x86.ActiveCfg = Debug|Win32
		{103F7F7A-CF68-41C6-9080-7872112545B8}.Debug|x86.Build.0 = Debug|Win32
		{103F7F7A-CF68-41C6-9080-7872112545B8}.Release|x64.ActiveCfg = Release|x64
		{103F7F7A-CF68-41C6-9080-7872112545B8}.Release|x64.Build.0 = Release|x64
		{103F7F7A-CF68-41C6-9080-7872112545B8}.Release|x86.ActiveCfg = Release|Win32
		{103F7F7A-CF68-41C6-9080-7872112545B8}.Release|x86.Build.0 = Release|Win32
	EndGlobalSection
	GlobalSection(SolutionProperties) = preSolution
		HideSolutionNode = FALSE
	EndGlobalSection
EndGlobal
